
Microsoft Visual Studio Solution File, Format Version 12.00
# Visual Studio Version 17
VisualStudioVersion = 17.10.35122.118
MinimumVisualStudioVersion = 10.0.40219.1
Project("{FAE04EC0-301F-11D3-BF4B-00C04F79EFBC}") = "Skeleton", "Skeleton.csproj", "{1AE3F0F5-67BC-4FFF-B07F-13A396373564}"
EndProject
Global
	GlobalSection(SolutionConfigurationPlatforms) = preSolution
		Debug|Any CPU = Debug|Any CPU
		Release|Any CPU = Release|Any CPU
	EndGlobalSection
	GlobalSection(ProjectConfigurationPlatforms) = postSolution
		{1AE3F0F5-67BC-4FFF-B07F-13A396373564}.Debug|Any CPU.ActiveCfg = Debug|Any CPU
		{1AE3F0F5-67BC-4FFF-B07F-13A396373564}.Debug|Any CPU.Build.0 = Debug|Any CPU
		{1AE3F0F5-67BC-4FFF-B07F-13A396373564}.Release|Any CPU.ActiveCfg = Release|Any CPU
		{1AE3F0F5-67BC-4FFF-B07F-13A396373564}.Release|Any CPU.Build.0 = Release|Any CPU
	EndGlobalSection
	GlobalSection(SolutionProperties) = preSolution
		HideSolutionNode = FALSE
	EndGlobalSection
	GlobalSection(ExtensibilityGlobals) = postSolution
		SolutionGuid = {5CE2C57A-9726-4659-9872-F85F81ED05A3}
	EndGlobalSection
EndGlobal
